Microsoft Visual Studio Solution File, Format Version 12.00
# Visual Studio Version 17
VisualStudioVersion = 17.5.2.0
MinimumVisualStudioVersion = 10.0.40219.1
Project("{FAE04EC0-301F-11D3-BF4B-00C04F79EFBC}") = "ExplorandoLinguagem", "ExplorandoLinguagem.csproj", "{892823C1-EDFA-AC1B-46EE-E44A5E170053}"
EndProject
Global
	GlobalSection(SolutionConfigurationPlatforms) = preSolution
		Debug|Any CPU = Debug|Any CPU
		Release|Any CPU = Release|Any CPU
	EndGlobalSection
	GlobalSection(ProjectConfigurationPlatforms) = postSolution
		{892823C1-EDFA-AC1B-46EE-E44A5E170053}.Debug|Any CPU.ActiveCfg = Debug|Any CPU
		{892823C1-EDFA-AC1B-46EE-E44A5E170053}.Debug|Any CPU.Build.0 = Debug|Any CPU
		{892823C1-EDFA-AC1B-46EE-E44A5E170053}.Release|Any CPU.ActiveCfg = Release|Any CPU
		{892823C1-EDFA-AC1B-46EE-E44A5E170053}.Release|Any CPU.Build.0 = Release|Any CPU
	EndGlobalSection
	GlobalSection(SolutionProperties) = preSolution
		HideSolutionNode = FALSE
	EndGlobalSection
	GlobalSection(ExtensibilityGlobals) = postSolution
		SolutionGuid = {139ABAE2-0525-4F55-8286-A81AD33D3D5A}
	EndGlobalSection
EndGlobal
